
Microsoft Visual Studio Solution File, Format Version 12.00
# Visual Studio Version 17
VisualStudioVersion = 17.0.31903.59
MinimumVisualStudioVersion = 10.0.40219.1
Project("{FAE04EC0-301F-11D3-BF4B-00C04F79EFBC}") = "Example", "Example\Example.csproj", "{51275990-E3EB-427D-8DA4-FCCF9A131280}"
EndProject
Project("{FAE04EC0-301F-11D3-BF4B-00C04F79EFBC}") = "Example.Tests", "Example.Tests\Example.Tests.csproj", "{5236BB9E-734E-424F-B8C8-39E86B7FBD68}"
EndProject
Global
	GlobalSection(SolutionConfigurationPlatforms) = preSolution
		Debug|Any CPU = Debug|Any CPU
		Release|Any CPU = Release|Any CPU
	EndGlobalSection
	GlobalSection(SolutionProperties) = preSolution
		HideSolutionNode = FALSE
	EndGlobalSection
	GlobalSection(ProjectConfigurationPlatforms) = postSolution
		{51275990-E3EB-427D-8DA4-FCCF9A131280}.Debug|Any CPU.ActiveCfg = Debug|Any CPU
		{51275990-E3EB-427D-8DA4-FCCF9A131280}.Debug|Any CPU.Build.0 = Debug|Any CPU
		{51275990-E3EB-427D-8DA4-FCCF9A131280}.Release|Any CPU.ActiveCfg = Release|Any CPU
		{51275990-E3EB-427D-8DA4-FCCF9A131280}.Release|Any CPU.Build.0 = Release|Any CPU
		{5236BB9E-734E-424F-B8C8-39E86B7FBD68}.Debug|Any CPU.ActiveCfg = Debug|Any CPU
		{5236BB9E-734E-424F-B8C8-39E86B7FBD68}.Debug|Any CPU.Build.0 = Debug|Any CPU
		{5236BB9E-734E-424F-B8C8-39E86B7FBD68}.Release|Any CPU.ActiveCfg = Release|Any CPU
		{5236BB9E-734E-424F-B8C8-39E86B7FBD68}.Release|Any CPU.Build.0 = Release|Any CPU
	EndGlobalSection
EndGlobal
